
Microsoft Visual Studio Solution File, Format Version 12.00
# Visual Studio 15
VisualStudioVersion = 15.0.28307.902
MinimumVisualStudioVersion = 10.0.40219.1
Project("{8BC9CEB8-8B4A-11D0-8D11-00A0C91BC942}") = "SensorVisualization", "SensorVisualization\SensorVisualization.vcxproj", "{B96B1AA4-CFF3-46B8-AEAF-032C71F1FDB4}"
EndProject
Global
	GlobalSection(SolutionConfigurationPlatforms) = preSolution
		Debug|ARM64 = Debug|ARM64
		Debug|x64 = Debug|x64
		Debug|x86 = Debug|x86
		Release|ARM64 = Release|ARM64
		Release|x64 = Release|x64
		Release|x86 = Release|x86
	EndGlobalSection
	GlobalSection(ProjectConfigurationPlatforms) = postSolution
		{B96B1AA4-CFF3-46B8-AEAF-032C71F1FDB4}.Debug|ARM64.ActiveCfg = Debug|ARM64
		{B96B1AA4-CFF3-46B8-AEAF-032C71F1FDB4}.Debug|ARM64.Build.0 = Debug|ARM64
		{B96B1AA4-CFF3-46B8-AEAF-032C71F1FDB4}.Debug|ARM64.Deploy.0 = Debug|ARM64
		{B96B1AA4-CFF3-46B8-AEAF-032C71F1FDB4}.Debug|x64.ActiveCfg = Debug|x64
		{B96B1AA4-CFF3-46B8-AEAF-032C71F1FDB4}.Debug|x64.Build.0 = Debug|x64
		{B96B1AA4-CFF3-46B8-AEAF-032C71F1FDB4}.Debug|x64.Deploy.0 = Debug|x64
		{B96B1AA4-CFF3-46B8-AEAF-032C71F1FDB4}.Debug|x86.ActiveCfg = Debug|Win32
		{B96B1AA4-CFF3-46B8-AEAF-032C71F1FDB4}.Debug|x86.Build.0 = Debug|Win32
		{B96B1AA4-CFF3-46B8-AEAF-032C71F1FDB4}.Debug|x86.Deploy.0 = Debug|Win32
		{B96B1AA4-CFF3-46B8-AEAF-032C71F1FDB4}.Release|ARM64.ActiveCfg = Release|ARM64
		{B96B1AA4-CFF3-46B8-AEAF-032C71F1FDB4}.Release|ARM64.Build.0 = Release|ARM64
		{B96B1AA4-CFF3-46B8-AEAF-032C71F1FDB4}.Release|ARM64.Deploy.0 = Release|ARM64
		{B96B1AA4-CFF3-46B8-AEAF-032C71F1FDB4}.Release|x64.ActiveCfg = Release|x64
		{B96B1AA4-CFF3-46B8-AEAF-032C71F1FDB4}.Release|x64.Build.0 = Release|x64
		{B96B1AA4-CFF3-46B8-AEAF-032C71F1FDB4}.Release|x64.Deploy.0 = Release|x64
		{B96B1AA4-CFF3-46B8-AEAF-032C71F1FDB4}.Release|x86.ActiveCfg = Release|Win32
		{B96B1AA4-CFF3-46B8-AEAF-032C71F1FDB4}.Release|x86.Build.0 = Release|Win32
		{B96B1AA4-CFF3-46B8-AEAF-032C71F1FDB4}.Release|x86.Deploy.0 = Release|Win32
	EndGlobalSection
	GlobalSection(SolutionProperties) = preSolution
		HideSolutionNode = FALSE
	EndGlobalSection
	GlobalSection(ExtensibilityGlobals) = postSolution
		SolutionGuid = {3B5A1D7D-A72F-424E-997D-3B02129F7E62}
	EndGlobalSection
EndGlobal
