
Microsoft Visual Studio Solution File, Format Version 12.00
# Visual Studio 15
VisualStudioVersion = 15.0.28307.902
MinimumVisualStudioVersion = 10.0.40219.1
Project("{8BC9CEB8-8B4A-11D0-8D11-00A0C91BC942}") = "CalibrationVisualization", "CalibrationVisualization\CalibrationVisualization.vcxproj", "{6A86C038-598E-43BE-80C5-B1C16D62D88C}"
EndProject
Global
	GlobalSection(SolutionConfigurationPlatforms) = preSolution
		Debug|ARM64 = Debug|ARM64
		Debug|x64 = Debug|x64
		Debug|x86 = Debug|x86
		Release|ARM64 = Release|ARM64
		Release|x64 = Release|x64
		Release|x86 = Release|x86
	EndGlobalSection
	GlobalSection(ProjectConfigurationPlatforms) = postSolution
		{6A86C038-598E-43BE-80C5-B1C16D62D88C}.Debug|ARM64.ActiveCfg = Debug|ARM64
		{6A86C038-598E-43BE-80C5-B1C16D62D88C}.Debug|ARM64.Build.0 = Debug|ARM64
		{6A86C038-598E-43BE-80C5-B1C16D62D88C}.Debug|ARM64.Deploy.0 = Debug|ARM64
		{6A86C038-598E-43BE-80C5-B1C16D62D88C}.Debug|x64.ActiveCfg = Debug|x64
		{6A86C038-598E-43BE-80C5-B1C16D62D88C}.Debug|x64.Build.0 = Debug|x64
		{6A86C038-598E-43BE-80C5-B1C16D62D88C}.Debug|x64.Deploy.0 = Debug|x64
		{6A86C038-598E-43BE-80C5-B1C16D62D88C}.Debug|x86.ActiveCfg = Debug|Win32
		{6A86C038-598E-43BE-80C5-B1C16D62D88C}.Debug|x86.Build.0 = Debug|Win32
		{6A86C038-598E-43BE-80C5-B1C16D62D88C}.Debug|x86.Deploy.0 = Debug|Win32
		{6A86C038-598E-43BE-80C5-B1C16D62D88C}.Release|ARM64.ActiveCfg = Release|ARM64
		{6A86C038-598E-43BE-80C5-B1C16D62D88C}.Release|ARM64.Build.0 = Release|ARM64
		{6A86C038-598E-43BE-80C5-B1C16D62D88C}.Release|ARM64.Deploy.0 = Release|ARM64
		{6A86C038-598E-43BE-80C5-B1C16D62D88C}.Release|x64.ActiveCfg = Release|x64
		{6A86C038-598E-43BE-80C5-B1C16D62D88C}.Release|x64.Build.0 = Release|x64
		{6A86C038-598E-43BE-80C5-B1C16D62D88C}.Release|x64.Deploy.0 = Release|x64
		{6A86C038-598E-43BE-80C5-B1C16D62D88C}.Release|x86.ActiveCfg = Release|Win32
		{6A86C038-598E-43BE-80C5-B1C16D62D88C}.Release|x86.Build.0 = Release|Win32
		{6A86C038-598E-43BE-80C5-B1C16D62D88C}.Release|x86.Deploy.0 = Release|Win32
	EndGlobalSection
	GlobalSection(SolutionProperties) = preSolution
		HideSolutionNode = FALSE
	EndGlobalSection
	GlobalSection(ExtensibilityGlobals) = postSolution
		SolutionGuid = {D0F47F8A-95E8-47A0-8DE5-CCC80219A736}
	EndGlobalSection
EndGlobal
